{
  "name": "closure-compiler",
  "version": "1.0.0",
  "lockfileVersion": 3,
  "requires": true,
  "packages": {
    "": {
      "name": "closure-compiler",
      "version": "1.0.0",
      "license": "Apache-2",
      "dependencies": {
        "sonarqube": "^0.0.1"
      },
      "devDependencies": {
        "closure-compiler-npm": "chadkillingsworth/closure-compiler-npm"
      }
    },
    "node_modules/closure-compiler-npm": {
      "version": "20260211.0.0",
      "resolved": "git+ssh://git@github.com/chadkillingsworth/closure-compiler-npm.git#e4c2979f6b61fbd045c2c0ffb319291e06f76bee",
      "dev": true,
      "license": "Apache-2.0",
      "workspaces": {
        "packages": [
          "packages/google-closure-compiler-java",
          "packages/google-closure-compiler-linux",
          "packages/google-closure-compiler-linux-arm64",
          "packages/google-closure-compiler-macos",
          "packages/google-closure-compiler-windows",
          "packages/google-closure-compiler"
        ]
      }
    },
    "node_modules/sonarqube": {
      "version": "0.0.1",
      "resolved": "https://registry.npmjs.org/sonarqube/-/sonarqube-0.0.1.tgz",
      "integrity": "sha512-VohuYExr2bkTUjXmuMcuS7hOSBEsJ2SbZq492Ti2mgYJWxyUFETSyTWOyIF3suCvnVbmDoIZiGwyIyLPTABchw=="
    }
  }
}
